{
    "_readme": [
        "This file locks the dependencies of your project to a known state",
        "Read more about it at https://getcomposer.org/doc/01-basic-usage.md#installing-dependencies",
        "This file is @generated automatically"
    ],
    "content-hash": "40104c1274993d051cd14640ba4a60ba",
    "packages": [
        {
            "name": "chdemko/sorted-collections",
            "version": "1.0.5",
            "source": {
                "type": "git",
                "url": "https://github.com/chdemko/php-sorted-collections.git",
                "reference": "47501ae538696dc58440ea16b9245b3995740d25"
            },
            "dist": {
                "type": "zip",
                "url": "https://api.github.com/repos/chdemko/php-sorted-collections/zipball/47501ae538696dc58440ea16b9245b3995740d25",
                "reference": "47501ae538696dc58440ea16b9245b3995740d25",
                "shasum": ""
            },
            "require": {
                "php": ">=5.5.0"
            },
            "require-dev": {
                "joomla/coding-standards": "~2.0@alpha",
                "php-coveralls/php-coveralls": "^2.0",
                "phpbench/phpbench": "^1.0@dev",
                "phpunit/phpunit": "^7.0",
                "sphpdox/sphpdox": "dev-master"
            },
            "type": "library",
            "extra": {
                "branch-alias": {
                    "dev-master": "1.0.x-dev"
                }
            },
            "autoload": {
                "psr-4": {
                    "chdemko\\SortedCollection\\": "src/SortedCollection"
                }
            },
            "notification-url": "https://packagist.org/downloads/",
            "license": [
                "BSD-3-Clause"
            ],
            "authors": [
                {
                    "name": "Christophe Demko",
                    "email": "chdemko@gmail.com",
                    "homepage": "http://chdemko.com",
                    "role": "Developer"
                }
            ],
            "description": "Sorted Collections for PHP >= 5.5",
            "homepage": "https://php-sorted-collections.readthedocs.io/en/latest/?badge=latest",
            "keywords": [
                "avl",
                "collection",
                "iterator",
                "map",
                "ordered",
                "set",
                "sorted",
                "tree",
                "treemap",
                "treeset"
            ],
            "support": {
                "issues": "https://github.com/chdemko/php-sorted-collections/issues",
                "source": "https://github.com/chdemko/php-sorted-collections/tree/1.0.5"
            },
            "time": "2018-10-22T12:24:26+00:00"
        },
        {
            "name": "exussum12/xxhash",
            "version": "1.3",
            "source": {
                "type": "git",
                "url": "https://github.com/exussum12/xxhash.git",
                "reference": "f5567ec5739ffee27aa3469e5001b4759b1b9e0d"
            },
            "dist": {
                "type": "zip",
                "url": "https://api.github.com/repos/exussum12/xxhash/zipball/f5567ec5739ffee27aa3469e5001b4759b1b9e0d",
                "reference": "f5567ec5739ffee27aa3469e5001b4759b1b9e0d",
                "shasum": ""
            },
            "require": {
                "ext-bcmath": "*",
                "php": ">=7.4"
            },
            "require-dev": {
                "phpunit/phpunit": "^7.1|^8.0|^9.0"
            },
            "type": "library",
            "autoload": {
                "psr-4": {
                    "exussum12\\xxhash\\": "src"
                }
            },
            "notification-url": "https://packagist.org/downloads/",
            "license": [
                "BSD-2-Clause"
            ],
            "authors": [
                {
                    "name": "Scott Dutton",
                    "email": "scott@exussum.co.uk"
                }
            ],
            "description": "xxHash implementation in Pure PHP",
            "support": {
                "issues": "https://github.com/exussum12/xxhash/issues",
                "source": "https://github.com/exussum12/xxhash/tree/1.3"
            },
            "time": "2020-11-30T09:04:53+00:00"
        },
        {
            "name": "google/crc32",
            "version": "v0.1.0",
            "source": {
                "type": "git",
                "url": "https://github.com/google/php-crc32.git",
                "reference": "a8525f0dea6fca1893e1bae2f6e804c5f7d007fb"
            },
            "dist": {
                "type": "zip",
                "url": "https://api.github.com/repos/google/php-crc32/zipball/a8525f0dea6fca1893e1bae2f6e804c5f7d007fb",
                "reference": "a8525f0dea6fca1893e1bae2f6e804c5f7d007fb",
                "shasum": ""
            },
            "require": {
                "php": ">=5.4"
            },
            "require-dev": {
                "friendsofphp/php-cs-fixer": "^1.13 || v2.14.2",
                "paragonie/random_compat": ">=2",
                "phpunit/phpunit": "^4"
            },
            "type": "library",
            "autoload": {
                "psr-4": {
                    "Google\\CRC32\\": "src"
                }
            },
            "notification-url": "https://packagist.org/downloads/",
            "license": [
                "Apache-2.0"
            ],
            "authors": [
                {
                    "name": "Andrew Brampton",
                    "email": "bramp@google.com"
                }
            ],
            "description": "Various CRC32 implementations",
            "homepage": "https://github.com/google/php-crc32",
            "support": {
                "issues": "https://github.com/google/php-crc32/issues",
                "source": "https://github.com/google/php-crc32/tree/v0.1.0"
            },
            "time": "2019-05-09T06:24:58+00:00"
        },
        {
            "name": "longlang/phpkafka",
            "version": "v1.2.1",
            "source": {
                "type": "git",
                "url": "https://github.com/swoole/phpkafka.git",
                "reference": "f15474647d5a3ed70f5480d46c7a37cfe6e6a973"
            },
            "dist": {
                "type": "zip",
                "url": "https://api.github.com/repos/swoole/phpkafka/zipball/f15474647d5a3ed70f5480d46c7a37cfe6e6a973",
                "reference": "f15474647d5a3ed70f5480d46c7a37cfe6e6a973",
                "shasum": ""
            },
            "require": {
                "chdemko/sorted-collections": "^1.0",
                "exussum12/xxhash": "^1.0.0",
                "google/crc32": "^0.1.0",
                "php": ">=7.1",
                "symfony/polyfill-php81": "^1.23"
            },
            "require-dev": {
                "colinodell/json5": "^2.1",
                "friendsofphp/php-cs-fixer": "^2.18",
                "phpstan/phpstan": "^0.12.81",
                "phpunit/phpunit": "^7.5|^8.0|^9.0",
                "swoole/ide-helper": "^4.5"
            },
            "type": "library",
            "autoload": {
                "psr-4": {
                    "longlang\\phpkafka\\": "src"
                }
            },
            "notification-url": "https://packagist.org/downloads/",
            "license": [
                "Apache-2.0"
            ],
            "description": "A kafka client. Support php-fpm and Swoole.",
            "support": {
                "issues": "https://github.com/swoole/phpkafka/issues",
                "source": "https://github.com/swoole/phpkafka/tree/v1.2.1"
            },
            "funding": [
                {
                    "url": "https://gitee.com/swoole/swoole?donate=true",
                    "type": "custom"
                },
                {
                    "url": "https://github.com/swoole",
                    "type": "github"
                }
            ],
            "time": "2022-01-10T04:04:46+00:00"
        },
        {
            "name": "symfony/polyfill-php81",
            "version": "v1.27.0",
            "source": {
                "type": "git",
                "url": "https://github.com/symfony/polyfill-php81.git",
                "reference": "707403074c8ea6e2edaf8794b0157a0bfa52157a"
            },
            "dist": {
                "type": "zip",
                "url": "https://api.github.com/repos/symfony/polyfill-php81/zipball/707403074c8ea6e2edaf8794b0157a0bfa52157a",
                "reference": "707403074c8ea6e2edaf8794b0157a0bfa52157a",
                "shasum": ""
            },
            "require": {
                "php": ">=7.1"
            },
            "type": "library",
            "extra": {
                "branch-alias": {
                    "dev-main": "1.27-dev"
                },
                "thanks": {
                    "name": "symfony/polyfill",
                    "url": "https://github.com/symfony/polyfill"
                }
            },
            "autoload": {
                "files": [
                    "bootstrap.php"
                ],
                "psr-4": {
                    "Symfony\\Polyfill\\Php81\\": ""
                },
                "classmap": [
                    "Resources/stubs"
                ]
            },
            "notification-url": "https://packagist.org/downloads/",
            "license": [
                "MIT"
            ],
            "authors": [
                {
                    "name": "Nicolas Grekas",
                    "email": "p@tchwork.com"
                },
                {
                    "name": "Symfony Community",
                    "homepage": "https://symfony.com/contributors"
                }
            ],
            "description": "Symfony polyfill backporting some PHP 8.1+ features to lower PHP versions",
            "homepage": "https://symfony.com",
            "keywords": [
                "compatibility",
                "polyfill",
                "portable",
                "shim"
            ],
            "support": {
                "source": "https://github.com/symfony/polyfill-php81/tree/v1.27.0"
            },
            "funding": [
                {
                    "url": "https://symfony.com/sponsor",
                    "type": "custom"
                },
                {
                    "url": "https://github.com/fabpot",
                    "type": "github"
                },
                {
                    "url": "https://tidelift.com/funding/github/packagist/symfony/symfony",
                    "type": "tidelift"
                }
            ],
            "time": "2022-11-03T14:55:06+00:00"
        }
    ],
    "packages-dev": [],
    "aliases": [],
    "minimum-stability": "stable",
    "stability-flags": [],
    "prefer-stable": false,
    "prefer-lowest": false,
    "platform": [],
    "platform-dev": [],
    "plugin-api-version": "2.2.0"
}
